Microsoft Visual Studio Solution File, Format Version 12.00
# Visual Studio Version 17
VisualStudioVersion = 17.5.2.0
MinimumVisualStudioVersion = 10.0.40219.1
Project("{FAE04EC0-301F-11D3-BF4B-00C04F79EFBC}") = "Course-Shares-App", "Course-Shares-App.csproj", "{881CE09C-A01D-E8FD-95BD-FEA9CE608326}"
EndProject
Global
	GlobalSection(SolutionConfigurationPlatforms) = preSolution
		Debug|Any CPU = Debug|Any CPU
		Release|Any CPU = Release|Any CPU
	EndGlobalSection
	GlobalSection(ProjectConfigurationPlatforms) = postSolution
		{881CE09C-A01D-E8FD-95BD-FEA9CE608326}.Debug|Any CPU.ActiveCfg = Debug|Any CPU
		{881CE09C-A01D-E8FD-95BD-FEA9CE608326}.Debug|Any CPU.Build.0 = Debug|Any CPU
		{881CE09C-A01D-E8FD-95BD-FEA9CE608326}.Release|Any CPU.ActiveCfg = Release|Any CPU
		{881CE09C-A01D-E8FD-95BD-FEA9CE608326}.Release|Any CPU.Build.0 = Release|Any CPU
	EndGlobalSection
	GlobalSection(SolutionProperties) = preSolution
		HideSolutionNode = FALSE
	EndGlobalSection
	GlobalSection(ExtensibilityGlobals) = postSolution
		SolutionGuid = {4EB03EAF-F244-482F-B6AE-63F7EC712692}
	EndGlobalSection
EndGlobal
